
Microsoft Visual Studio Solution File, Format Version 12.00
# Visual Studio Version 17
VisualStudioVersion = 17.1.32210.238
MinimumVisualStudioVersion = 10.0.40219.1
Project("{FAE04EC0-301F-11D3-BF4B-00C04F79EFBC}") = "FuckDrive4You", "FuckDrive4You\FuckDrive4You.csproj", "{99EB9BD4-4625-488B-871E-F1406CD09954}"
EndProject
Global
	GlobalSection(SolutionConfigurationPlatforms) = preSolution
		Debug|Any CPU = Debug|Any CPU
		Release|Any CPU = Release|Any CPU
	EndGlobalSection
	GlobalSection(ProjectConfigurationPlatforms) = postSolution
		{99EB9BD4-4625-488B-871E-F1406CD09954}.Debug|Any CPU.ActiveCfg = Debug|Any CPU
		{99EB9BD4-4625-488B-871E-F1406CD09954}.Debug|Any CPU.Build.0 = Debug|Any CPU
		{99EB9BD4-4625-488B-871E-F1406CD09954}.Release|Any CPU.ActiveCfg = Release|Any CPU
		{99EB9BD4-4625-488B-871E-F1406CD09954}.Release|Any CPU.Build.0 = Release|Any CPU
	EndGlobalSection
	GlobalSection(SolutionProperties) = preSolution
		HideSolutionNode = FALSE
	EndGlobalSection
	GlobalSection(ExtensibilityGlobals) = postSolution
		SolutionGuid = {AE23BD3B-CFEE-4C8E-84F7-D975CECF3BB7}
	EndGlobalSection
EndGlobal
